
Microsoft Visual Studio Solution File, Format Version 12.00
# Visual Studio Version 16
VisualStudioVersion = 25.0.1700.0
MinimumVisualStudioVersion = 10.0.40219.1
Project("{FAE04EC0-301F-11D3-BF4B-00C04F79EFBC}") = "Servicios.Api.Libreria", "Servicios.Api.Libreria\Servicios.Api.Libreria.csproj", "{74FC092A-7B1B-404D-8420-7EAEDFBF87EA}"
EndProject
Global
	GlobalSection(SolutionConfigurationPlatforms) = preSolution
		Debug|Any CPU = Debug|Any CPU
		Release|Any CPU = Release|Any CPU
	EndGlobalSection
	GlobalSection(ProjectConfigurationPlatforms) = postSolution
		{74FC092A-7B1B-404D-8420-7EAEDFBF87EA}.Debug|Any CPU.ActiveCfg = Debug|Any CPU
		{74FC092A-7B1B-404D-8420-7EAEDFBF87EA}.Debug|Any CPU.Build.0 = Debug|Any CPU
		{74FC092A-7B1B-404D-8420-7EAEDFBF87EA}.Release|Any CPU.ActiveCfg = Release|Any CPU
		{74FC092A-7B1B-404D-8420-7EAEDFBF87EA}.Release|Any CPU.Build.0 = Release|Any CPU
	EndGlobalSection
	GlobalSection(SolutionProperties) = preSolution
		HideSolutionNode = FALSE
	EndGlobalSection
	GlobalSection(ExtensibilityGlobals) = postSolution
		SolutionGuid = {EE18E73D-BEBE-4E2A-AFFE-8E1413A90868}
	EndGlobalSection
EndGlobal
